
Microsoft Visual Studio Solution File, Format Version 12.00
Project("{FAE04EC0-301F-11D3-BF4B-00C04F79EFBC}") = "Core", "src\Core\Core.csproj", "{D395F816-166F-43D2-948B-15B59A654488}"
EndProject
Project("{FAE04EC0-301F-11D3-BF4B-00C04F79EFBC}") = "Application", "src\Application\Application.csproj", "{1892F095-4F41-4A67-8BA7-3F2FEFA4691F}"
EndProject
Project("{FAE04EC0-301F-11D3-BF4B-00C04F79EFBC}") = "Infrastructure", "src\Infrastructure\Infrastructure.csproj", "{66E978A2-22C2-4EFB-86C7-0721DA8D4135}"
EndProject
Project("{FAE04EC0-301F-11D3-BF4B-00C04F79EFBC}") = "Web", "src\Web\Web.csproj", "{1935479C-30E1-4030-8560-7DB7C2C529F6}"
EndProject
Project("{FAE04EC0-301F-11D3-BF4B-00C04F79EFBC}") = "Contracts", "src\Contracts\Contracts.csproj", "{73EFA5AD-9E8D-4AF3-92A7-321C6CD6E89E}"
EndProject
Project("{2150E333-8FDC-42A3-9474-1A3956D46DE8}") = "Solution Items", "Solution Items", "{AE94BCC1-5191-4BE7-AED9-5A828781217B}"
	ProjectSection(SolutionItems) = preProject
		docker-compose.yml = docker-compose.yml
	EndProjectSection
EndProject
Global
	GlobalSection(SolutionConfigurationPlatforms) = preSolution
		Debug|Any CPU = Debug|Any CPU
		Release|Any CPU = Release|Any CPU
	EndGlobalSection
	GlobalSection(ProjectConfigurationPlatforms) = postSolution
		{D395F816-166F-43D2-948B-15B59A654488}.Debug|Any CPU.ActiveCfg = Debug|Any CPU
		{D395F816-166F-43D2-948B-15B59A654488}.Debug|Any CPU.Build.0 = Debug|Any CPU
		{D395F816-166F-43D2-948B-15B59A654488}.Release|Any CPU.ActiveCfg = Release|Any CPU
		{D395F816-166F-43D2-948B-15B59A654488}.Release|Any CPU.Build.0 = Release|Any CPU
		{1892F095-4F41-4A67-8BA7-3F2FEFA4691F}.Debug|Any CPU.ActiveCfg = Debug|Any CPU
		{1892F095-4F41-4A67-8BA7-3F2FEFA4691F}.Debug|Any CPU.Build.0 = Debug|Any CPU
		{1892F095-4F41-4A67-8BA7-3F2FEFA4691F}.Release|Any CPU.ActiveCfg = Release|Any CPU
		{1892F095-4F41-4A67-8BA7-3F2FEFA4691F}.Release|Any CPU.Build.0 = Release|Any CPU
		{66E978A2-22C2-4EFB-86C7-0721DA8D4135}.Debug|Any CPU.ActiveCfg = Debug|Any CPU
		{66E978A2-22C2-4EFB-86C7-0721DA8D4135}.Debug|Any CPU.Build.0 = Debug|Any CPU
		{66E978A2-22C2-4EFB-86C7-0721DA8D4135}.Release|Any CPU.ActiveCfg = Release|Any CPU
		{66E978A2-22C2-4EFB-86C7-0721DA8D4135}.Release|Any CPU.Build.0 = Release|Any CPU
		{1935479C-30E1-4030-8560-7DB7C2C529F6}.Debug|Any CPU.ActiveCfg = Debug|Any CPU
		{1935479C-30E1-4030-8560-7DB7C2C529F6}.Debug|Any CPU.Build.0 = Debug|Any CPU
		{1935479C-30E1-4030-8560-7DB7C2C529F6}.Release|Any CPU.ActiveCfg = Release|Any CPU
		{1935479C-30E1-4030-8560-7DB7C2C529F6}.Release|Any CPU.Build.0 = Release|Any CPU
		{73EFA5AD-9E8D-4AF3-92A7-321C6CD6E89E}.Debug|Any CPU.ActiveCfg = Debug|Any CPU
		{73EFA5AD-9E8D-4AF3-92A7-321C6CD6E89E}.Debug|Any CPU.Build.0 = Debug|Any CPU
		{73EFA5AD-9E8D-4AF3-92A7-321C6CD6E89E}.Release|Any CPU.ActiveCfg = Release|Any CPU
		{73EFA5AD-9E8D-4AF3-92A7-321C6CD6E89E}.Release|Any CPU.Build.0 = Release|Any CPU
	EndGlobalSection
EndGlobal
